
Microsoft Visual Studio Solution File, Format Version 12.00
# Visual Studio 14
VisualStudioVersion = 14.0.25123.0
MinimumVisualStudioVersion = 10.0.40219.1
Project("{FAE04EC0-301F-11D3-BF4B-00C04F79EFBC}") = "HappyDbAccess", "HappyDbAccess\HappyDbAccess.csproj", "{272A3409-07D7-4F15-9D6D-A5D5E9CF62A6}"
EndProject
Project("{FAE04EC0-301F-11D3-BF4B-00C04F79EFBC}") = "Demo", "Demo\Demo.csproj", "{190519A1-4C08-4D7C-B0B6-D77A107B85FB}"
EndProject
Global
	GlobalSection(SolutionConfigurationPlatforms) = preSolution
		Debug|Any CPU = Debug|Any CPU
		Release|Any CPU = Release|Any CPU
	EndGlobalSection
	GlobalSection(ProjectConfigurationPlatforms) = postSolution
		{272A3409-07D7-4F15-9D6D-A5D5E9CF62A6}.Debug|Any CPU.ActiveCfg = Debug|Any CPU
		{272A3409-07D7-4F15-9D6D-A5D5E9CF62A6}.Debug|Any CPU.Build.0 = Debug|Any CPU
		{272A3409-07D7-4F15-9D6D-A5D5E9CF62A6}.Release|Any CPU.ActiveCfg = Release|Any CPU
		{272A3409-07D7-4F15-9D6D-A5D5E9CF62A6}.Release|Any CPU.Build.0 = Release|Any CPU
		{190519A1-4C08-4D7C-B0B6-D77A107B85FB}.Debug|Any CPU.ActiveCfg = Debug|Any CPU
		{190519A1-4C08-4D7C-B0B6-D77A107B85FB}.Debug|Any CPU.Build.0 = Debug|Any CPU
		{190519A1-4C08-4D7C-B0B6-D77A107B85FB}.Release|Any CPU.ActiveCfg = Release|Any CPU
		{190519A1-4C08-4D7C-B0B6-D77A107B85FB}.Release|Any CPU.Build.0 = Release|Any CPU
	EndGlobalSection
	GlobalSection(SolutionProperties) = preSolution
		HideSolutionNode = FALSE
	EndGlobalSection
EndGlobal
